// !$*UTF8*$!
{
	archiveVersion = 1;
	classes = {
	};
	objectVersion = 56;
	objects = {

/* Begin PBXBuildFile section */
		75F69B6629CE015A00F6EE36 /* Group13_DietApp.swift in Sources */ = {isa = PBXBuildFile; fileRef = 75F69B6529CE015A00F6EE36 /* Group13_DietApp.swift */; };
		75F69B6829CE015A00F6EE36 /* ContentView.swift in Sources */ = {isa = PBXBuildFile; fileRef = 75F69B6729CE015A00F6EE36 /* ContentView.swift */; };
		75F69B6A29CE015A00F6EE36 /* Assets.xcassets in Resources */ = {isa = PBXBuildFile; fileRef = 75F69B6929CE015A00F6EE36 /* Assets.xcassets */; };
		75F69B6D29CE015A00F6EE36 /* Preview Assets.xcassets in Resources */ = {isa = PBXBuildFile; fileRef = 75F69B6C29CE015A00F6EE36 /* Preview Assets.xcassets */; };
		75F69B7429CE024600F6EE36 /* DietListView.swift in Sources */ = {isa = PBXBuildFile; fileRef = 75F69B7329CE024600F6EE36 /* DietListView.swift */; };
		75F69B7629CE033F00F6EE36 /* RecipeListView.swift in Sources */ = {isa = PBXBuildFile; fileRef = 75F69B7529CE033F00F6EE36 /* RecipeListView.swift */; };
		75F69B7829CE039F00F6EE36 /* RecipeModel.swift in Sources */ = {isa = PBXBuildFile; fileRef = 75F69B7729CE039F00F6EE36 /* RecipeModel.swift */; };
		75F69B7A29CE03B700F6EE36 /* DietModel.swift in Sources */ = {isa = PBXBuildFile; fileRef = 75F69B7929CE03B700F6EE36 /* DietModel.swift */; };
		75F69B7C29CE063000F6EE36 /* APIController.swift in Sources */ = {isa = PBXBuildFile; fileRef = 75F69B7B29CE063000F6EE36 /* APIController.swift */; };
		75F69B7F29CE2D9F00F6EE36 /* SingleRecipeView.swift in Sources */ = {isa = PBXBuildFile; fileRef = 75F69B7E29CE2D9F00F6EE36 /* SingleRecipeView.swift */; };
		75F69B8129CE2ED400F6EE36 /* RecipeCell.swift in Sources */ = {isa = PBXBuildFile; fileRef = 75F69B8029CE2ED400F6EE36 /* RecipeCell.swift */; };
/* End PBXBuildFile section */

/* Begin PBXFileReference section */
		75F69B6229CE015A00F6EE36 /* Group13-DietApp.app */ = {isa = PBXFileReference; explicitFileType = wrapper.application; includeInIndex = 0; path = "Group13-DietApp.app"; sourceTree = BUILT_PRODUCTS_DIR; };
		75F69B6529CE015A00F6EE36 /* Group13_DietApp.swift */ = {isa = PBXFileReference; lastKnownFileType = sourcecode.swift; path = Group13_DietApp.swift; sourceTree = "<group>"; };
		75F69B6729CE015A00F6EE36 /* ContentView.swift */ = {isa = PBXFileReference; lastKnownFileType = sourcecode.swift; path = ContentView.swift; sourceTree = "<group>"; };
		75F69B6929CE015A00F6EE36 /* Assets.xcassets */ = {isa = PBXFileReference; lastKnownFileType = folder.assetcatalog; path = Assets.xcassets; sourceTree = "<group>"; };
		75F69B6C29CE015A00F6EE36 /* Preview Assets.xcassets */ = {isa = PBXFileReference; lastKnownFileType = folder.assetcatalog; path = "Preview Assets.xcassets"; sourceTree = "<group>"; };
		75F69B7329CE024600F6EE36 /* DietListView.swift */ = {isa = PBXFileReference; lastKnownFileType = sourcecode.swift; path = DietListView.swift; sourceTree = "<group>"; };
		75F69B7529CE033F00F6EE36 /* RecipeListView.swift */ = {isa = PBXFileReference; lastKnownFileType = sourcecode.swift; path = RecipeListView.swift; sourceTree = "<group>"; };
		75F69B7729CE039F00F6EE36 /* RecipeModel.swift */ = {isa = PBXFileReference; lastKnownFileType = sourcecode.swift; path = RecipeModel.swift; sourceTree = "<group>"; };
		75F69B7929CE03B700F6EE36 /* DietModel.swift */ = {isa = PBXFileReference; lastKnownFileType = sourcecode.swift; path = DietModel.swift; sourceTree = "<group>"; };
		75F69B7B29CE063000F6EE36 /* APIController.swift */ = {isa = PBXFileReference; lastKnownFileType = sourcecode.swift; path = APIController.swift; sourceTree = "<group>"; };
		75F69B7D29CE2D0900F6EE36 /* Info.plist */ = {isa = PBXFileReference; lastKnownFileType = text.plist; path = Info.plist; sourceTree = "<group>"; };
		75F69B7E29CE2D9F00F6EE36 /* SingleRecipeView.swift */ = {isa = PBXFileReference; lastKnownFileType = sourcecode.swift; path = SingleRecipeView.swift; sourceTree = "<group>"; };
		75F69B8029CE2ED400F6EE36 /* RecipeCell.swift */ = {isa = PBXFileReference; lastKnownFileType = sourcecode.swift; path = RecipeCell.swift; sourceTree = "<group>"; };
/* End PBXFileReference section */

/* Begin PBXFrameworksBuildPhase section */
		75F69B5F29CE015A00F6EE36 /* Frameworks */ = {
			isa = PBXFrameworksBuildPhase;
			buildActionMask = 2147483647;
			files = (
			);
			runOnlyForDeploymentPostprocessing = 0;
		};
/* End PBXFrameworksBuildPhase section */

/* Begin PBXGroup section */
		75F69B5929CE015A00F6EE36 = {
			isa = PBXGroup;
			children = (
				75F69B6429CE015A00F6EE36 /* Group13-DietApp */,
				75F69B6329CE015A00F6EE36 /* Products */,
			);
			sourceTree = "<group>";
		};
		75F69B6329CE015A00F6EE36 /* Products */ = {
			isa = PBXGroup;
			children = (
				75F69B6229CE015A00F6EE36 /* Group13-DietApp.app */,
			);
			name = Products;
			sourceTree = "<group>";
		};
		75F69B6429CE015A00F6EE36 /* Group13-DietApp */ = {
			isa = PBXGroup;
			children = (
				75F69B7D29CE2D0900F6EE36 /* Info.plist */,
				75F69B6529CE015A00F6EE36 /* Group13_DietApp.swift */,
				75F69B6729CE015A00F6EE36 /* ContentView.swift */,
				75F69B6929CE015A00F6EE36 /* Assets.xcassets */,
				75F69B6B29CE015A00F6EE36 /* Preview Content */,
				75F69B7329CE024600F6EE36 /* DietListView.swift */,
				75F69B7529CE033F00F6EE36 /* RecipeListView.swift */,
				75F69B7729CE039F00F6EE36 /* RecipeModel.swift */,
				75F69B7929CE03B700F6EE36 /* DietModel.swift */,
				75F69B7B29CE063000F6EE36 /* APIController.swift */,
				75F69B7E29CE2D9F00F6EE36 /* SingleRecipeView.swift */,
				75F69B8029CE2ED400F6EE36 /* RecipeCell.swift */,
			);
			path = "Group13-DietApp";
			sourceTree = "<group>";
		};
		75F69B6B29CE015A00F6EE36 /* Preview Content */ = {
			isa = PBXGroup;
			children = (
				75F69B6C29CE015A00F6EE36 /* Preview Assets.xcassets */,
			);
			path = "Preview Content";
			sourceTree = "<group>";
		};
/* End PBXGroup section */

/* Begin PBXNativeTarget section */
		75F69B6129CE015A00F6EE36 /* Group13-DietApp */ = {
			isa = PBXNativeTarget;
			buildConfigurationList = 75F69B7029CE015A00F6EE36 /* Build configuration list for PBXNativeTarget "Group13-DietApp" */;
			buildPhases = (
				75F69B5E29CE015A00F6EE36 /* Sources */,
				75F69B5F29CE015A00F6EE36 /* Frameworks */,
				75F69B6029CE015A00F6EE36 /* Resources */,
			);
			buildRules = (
			);
			dependencies = (
			);
			name = "Group13-DietApp";
			productName = "Group13-DietApp";
			productReference = 75F69B6229CE015A00F6EE36 /* Group13-DietApp.app */;
			productType = "com.apple.product-type.application";
		};
/* End PBXNativeTarget section */

/* Begin PBXProject section */
		75F69B5A29CE015A00F6EE36 /* Project object */ = {
			isa = PBXProject;
			attributes = {
				BuildIndependentTargetsInParallel = 1;
				LastSwiftUpdateCheck = 1420;
				LastUpgradeCheck = 1420;
				TargetAttributes = {
					75F69B6129CE015A00F6EE36 = {
						CreatedOnToolsVersion = 14.2;
					};
				};
			};
			buildConfigurationList = 75F69B5D29CE015A00F6EE36 /* Build configuration list for PBXProject "Group13-DietApp" */;
			compatibilityVersion = "Xcode 14.0";
			developmentRegion = en;
			hasScannedForEncodings = 0;
			knownRegions = (
				en,
				Base,
			);
			mainGroup = 75F69B5929CE015A00F6EE36;
			productRefGroup = 75F69B6329CE015A00F6EE36 /* Products */;
			projectDirPath = "";
			projectRoot = "";
			targets = (
				75F69B6129CE015A00F6EE36 /* Group13-DietApp */,
			);
		};
/* End PBXProject section */

/* Begin PBXResourcesBuildPhase section */
		75F69B6029CE015A00F6EE36 /* Resources */ = {
			isa = PBXResourcesBuildPhase;
			buildActionMask = 2147483647;
			files = (
				75F69B6D29CE015A00F6EE36 /* Preview Assets.xcassets in Resources */,
				75F69B6A29CE015A00F6EE36 /* Assets.xcassets in Resources */,
			);
			runOnlyForDeploymentPostprocessing = 0;
		};
/* End PBXResourcesBuildPhase section */

/* Begin PBXSourcesBuildPhase section */
		75F69B5E29CE015A00F6EE36 /* Sources */ = {
			isa = PBXSourcesBuildPhase;
			buildActionMask = 2147483647;
			files = (
				75F69B7C29CE063000F6EE36 /* APIController.swift in Sources */,
				75F69B7429CE024600F6EE36 /* DietListView.swift in Sources */,
				75F69B7A29CE03B700F6EE36 /* DietModel.swift in Sources */,
				75F69B8129CE2ED400F6EE36 /* RecipeCell.swift in Sources */,
				75F69B7829CE039F00F6EE36 /* RecipeModel.swift in Sources */,
				75F69B6829CE015A00F6EE36 /* ContentView.swift in Sources */,
				75F69B7629CE033F00F6EE36 /* RecipeListView.swift in Sources */,
				75F69B7F29CE2D9F00F6EE36 /* SingleRecipeView.swift in Sources */,
				75F69B6629CE015A00F6EE36 /* Group13_DietApp.swift in Sources */,
			);
			runOnlyForDeploymentPostprocessing = 0;
		};
/* End PBXSourcesBuildPhase section */

/* Begin XCBuildConfiguration section */
		75F69B6E29CE015A00F6EE36 /* Debug */ = {
			isa = XCBuildConfiguration;
			buildSettings = {
				ALWAYS_SEARCH_USER_PATHS = NO;
				CLANG_ANALYZER_NONNULL = YES;
				CLANG_ANALYZER_NUMBER_OBJECT_CONVERSION = YES_AGGRESSIVE;
				CLANG_CXX_LANGUAGE_STANDARD = "gnu++20";
				CLANG_ENABLE_MODULES = YES;
				CLANG_ENABLE_OBJC_ARC = YES;
				CLANG_ENABLE_OBJC_WEAK = YES;
				CLANG_WARN_BLOCK_CAPTURE_AUTORELEASING = YES;
				CLANG_WARN_BOOL_CONVERSION = YES;
				CLANG_WARN_COMMA = YES;
				CLANG_WARN_CONSTANT_CONVERSION = YES;
				CLANG_WARN_DEPRECATED_OBJC_IMPLEMENTATIONS = YES;
				CLANG_WARN_DIRECT_OBJC_ISA_USAGE = YES_ERROR;
				CLANG_WARN_DOCUMENTATION_COMMENTS = YES;
				CLANG_WARN_EMPTY_BODY = YES;
				CLANG_WARN_ENUM_CONVERSION = YES;
				CLANG_WARN_INFINITE_RECURSION = YES;
				CLANG_WARN_INT_CONVERSION = YES;
				CLANG_WARN_NON_LITERAL_NULL_CONVERSION = YES;
				CLANG_WARN_OBJC_IMPLICIT_RETAIN_SELF = YES;
				CLANG_WARN_OBJC_LITERAL_CONVERSION = YES;
				CLANG_WARN_OBJC_ROOT_CLASS = YES_ERROR;
				CLANG_WARN_QUOTED_INCLUDE_IN_FRAMEWORK_HEADER = YES;
				CLANG_WARN_RANGE_LOOP_ANALYSIS = YES;
				CLANG_WARN_STRICT_PROTOTYPES = YES;
				CLANG_WARN_SUSPICIOUS_MOVE = YES;
				CLANG_WARN_UNGUARDED_AVAILABILITY = YES_AGGRESSIVE;
				CLANG_WARN_UNREACHABLE_CODE = YES;
				CLANG_WARN__DUPLICATE_METHOD_MATCH = YES;
				COPY_PHASE_STRIP = NO;
				DEBUG_INFORMATION_FORMAT = dwarf;
				ENABLE_STRICT_OBJC_MSGSEND = YES;
				ENABLE_TESTABILITY = YES;
				GCC_C_LANGUAGE_STANDARD = gnu11;
				GCC_DYNAMIC_NO_PIC = NO;
				GCC_NO_COMMON_BLOCKS = YES;
				GCC_OPTIMIZATION_LEVEL = 0;
				GCC_PREPROCESSOR_DEFINITIONS = (
					"DEBUG=1",
					"$(inherited)",
				);
				GCC_WARN_64_TO_32_BIT_CONVERSION = YES;
				GCC_WARN_ABOUT_RETURN_TYPE = YES_ERROR;
				GCC_WARN_UNDECLARED_SELECTOR = YES;
				GCC_WARN_UNINITIALIZED_AUTOS = YES_AGGRESSIVE;
				GCC_WARN_UNUSED_FUNCTION = YES;
				GCC_WARN_UNUSED_VARIABLE = YES;
				IPHONEOS_DEPLOYMENT_TARGET = 16.2;
				MTL_ENABLE_DEBUG_INFO = INCLUDE_SOURCE;
				MTL_FAST_MATH = YES;
				ONLY_ACTIVE_ARCH = YES;
				SDKROOT = iphoneos;
				SWIFT_ACTIVE_COMPILATION_CONDITIONS = DEBUG;
				SWIFT_OPTIMIZATION_LEVEL = "-Onone";
			};
			name = Debug;
		};
		75F69B6F29CE015A00F6EE36 /* Release */ = {
			isa = XCBuildConfiguration;
			buildSettings = {
				ALWAYS_SEARCH_USER_PATHS = NO;
				CLANG_ANALYZER_NONNULL = YES;
				CLANG_ANALYZER_NUMBER_OBJECT_CONVERSION = YES_AGGRESSIVE;
				CLANG_CXX_LANGUAGE_STANDARD = "gnu++20";
				CLANG_ENABLE_MODULES = YES;
				CLANG_ENABLE_OBJC_ARC = YES;
				CLANG_ENABLE_OBJC_WEAK = YES;
				CLANG_WARN_BLOCK_CAPTURE_AUTORELEASING = YES;
				CLANG_WARN_BOOL_CONVERSION = YES;
				CLANG_WARN_COMMA = YES;
				CLANG_WARN_CONSTANT_CONVERSION = YES;
				CLANG_WARN_DEPRECATED_OBJC_IMPLEMENTATIONS = YES;
				CLANG_WARN_DIRECT_OBJC_ISA_USAGE = YES_ERROR;
				CLANG_WARN_DOCUMENTATION_COMMENTS = YES;
				CLANG_WARN_EMPTY_BODY = YES;
				CLANG_WARN_ENUM_CONVERSION = YES;
				CLANG_WARN_INFINITE_RECURSION = YES;
				CLANG_WARN_INT_CONVERSION = YES;
				CLANG_WARN_NON_LITERAL_NULL_CONVERSION = YES;
				CLANG_WARN_OBJC_IMPLICIT_RETAIN_SELF = YES;
				CLANG_WARN_OBJC_LITERAL_CONVERSION = YES;
				CLANG_WARN_OBJC_ROOT_CLASS = YES_ERROR;
				CLANG_WARN_QUOTED_INCLUDE_IN_FRAMEWORK_HEADER = YES;
				CLANG_WARN_RANGE_LOOP_ANALYSIS = YES;
				CLANG_WARN_STRICT_PROTOTYPES = YES;
				CLANG_WARN_SUSPICIOUS_MOVE = YES;
				CLANG_WARN_UNGUARDED_AVAILABILITY = YES_AGGRESSIVE;
				CLANG_WARN_UNREACHABLE_CODE = YES;
				CLANG_WARN__DUPLICATE_METHOD_MATCH = YES;
				COPY_PHASE_STRIP = NO;
				DEBUG_INFORMATION_FORMAT = "dwarf-with-dsym";
				ENABLE_NS_ASSERTIONS = NO;
				ENABLE_STRICT_OBJC_MSGSEND = YES;
				GCC_C_LANGUAGE_STANDARD = gnu11;
				GCC_NO_COMMON_BLOCKS = YES;
				GCC_WARN_64_TO_32_BIT_CONVERSION = YES;
				GCC_WARN_ABOUT_RETURN_TYPE = YES_ERROR;
				GCC_WARN_UNDECLARED_SELECTOR = YES;
				GCC_WARN_UNINITIALIZED_AUTOS = YES_AGGRESSIVE;
				GCC_WARN_UNUSED_FUNCTION = YES;
				GCC_WARN_UNUSED_VARIABLE = YES;
				IPHONEOS_DEPLOYMENT_TARGET = 16.2;
				MTL_ENABLE_DEBUG_INFO = NO;
				MTL_FAST_MATH = YES;
				SDKROOT = iphoneos;
				SWIFT_COMPILATION_MODE = wholemodule;
				SWIFT_OPTIMIZATION_LEVEL = "-O";
				VALIDATE_PRODUCT = YES;
			};
			name = Release;
		};
		75F69B7129CE015A00F6EE36 /* Debug */ = {
			isa = XCBuildConfiguration;
			buildSettings = {
				ASSETCATALOG_COMPILER_APPICON_NAME = AppIcon;
				ASSETCATALOG_COMPILER_GLOBAL_ACCENT_COLOR_NAME = AccentColor;
				CODE_SIGN_STYLE = Automatic;
				CURRENT_PROJECT_VERSION = 1;
				DEVELOPMENT_ASSET_PATHS = "\"Group13-DietApp/Preview Content\"";
				ENABLE_PREVIEWS = YES;
				GENERATE_INFOPLIST_FILE = YES;
				INFOPLIST_FILE = "Group13-DietApp/Info.plist";
				INFOPLIST_KEY_UIApplicationSupportsIndirectInputEvents = YES;
				INFOPLIST_KEY_UILaunchScreen_Generation = YES;
				INFOPLIST_KEY_UISupportedInterfaceOrientations_iPad = "UIInterfaceOrientationPortrait UIInterfaceOrientationPortraitUpsideDown UIInterfaceOrientationLandscapeLeft UIInterfaceOrientationLandscapeRight";
				INFOPLIST_KEY_UISupportedInterfaceOrientations_iPhone = "UIInterfaceOrientationPortrait UIInterfaceOrientationLandscapeLeft UIInterfaceOrientationLandscapeRight";
				LD_RUNPATH_SEARCH_PATHS = (
					"$(inherited)",
					"@executable_path/Frameworks",
				);
				MARKETING_VERSION = 1.0;
				PRODUCT_BUNDLE_IDENTIFIER = "monz.Group13-DietApp";
				PRODUCT_NAME = "$(TARGET_NAME)";
				SWIFT_EMIT_LOC_STRINGS = YES;
				SWIFT_VERSION = 5.0;
				TARGETED_DEVICE_FAMILY = "1,2";
			};
			name = Debug;
		};
		75F69B7229CE015A00F6EE36 /* Release */ = {
			isa = XCBuildConfiguration;
			buildSettings = {
				ASSETCATALOG_COMPILER_APPICON_NAME = AppIcon;
				ASSETCATALOG_COMPILER_GLOBAL_ACCENT_COLOR_NAME = AccentColor;
				CODE_SIGN_STYLE = Automatic;
				CURRENT_PROJECT_VERSION = 1;
				DEVELOPMENT_ASSET_PATHS = "\"Group13-DietApp/Preview Content\"";
				ENABLE_PREVIEWS = YES;
				GENERATE_INFOPLIST_FILE = YES;
				INFOPLIST_FILE = "Group13-DietApp/Info.plist";
				INFOPLIST_KEY_UIApplicationSupportsIndirectInputEvents = YES;
				INFOPLIST_KEY_UILaunchScreen_Generation = YES;
				INFOPLIST_KEY_UISupportedInterfaceOrientations_iPad = "UIInterfaceOrientationPortrait UIInterfaceOrientationPortraitUpsideDown UIInterfaceOrientationLandscapeLeft UIInterfaceOrientationLandscapeRight";
				INFOPLIST_KEY_UISupportedInterfaceOrientations_iPhone = "UIInterfaceOrientationPortrait UIInterfaceOrientationLandscapeLeft UIInterfaceOrientationLandscapeRight";
				LD_RUNPATH_SEARCH_PATHS = (
					"$(inherited)",
					"@executable_path/Frameworks",
				);
				MARKETING_VERSION = 1.0;
				PRODUCT_BUNDLE_IDENTIFIER = "monz.Group13-DietApp";
				PRODUCT_NAME = "$(TARGET_NAME)";
				SWIFT_EMIT_LOC_STRINGS = YES;
				SWIFT_VERSION = 5.0;
				TARGETED_DEVICE_FAMILY = "1,2";
			};
			name = Release;
		};
/* End XCBuildConfiguration section */

/* Begin XCConfigurationList section */
		75F69B5D29CE015A00F6EE36 /* Build configuration list for PBXProject "Group13-DietApp" */ = {
			isa = XCConfigurationList;
			buildConfigurations = (
				75F69B6E29CE015A00F6EE36 /* Debug */,
				75F69B6F29CE015A00F6EE36 /* Release */,
			);
			defaultConfigurationIsVisible = 0;
			defaultConfigurationName = Release;
		};
		75F69B7029CE015A00F6EE36 /* Build configuration list for PBXNativeTarget "Group13-DietApp" */ = {
			isa = XCConfigurationList;
			buildConfigurations = (
				75F69B7129CE015A00F6EE36 /* Debug */,
				75F69B7229CE015A00F6EE36 /* Release */,
			);
			defaultConfigurationIsVisible = 0;
			defaultConfigurationName = Release;
		};
/* End XCConfigurationList section */
	};
	rootObject = 75F69B5A29CE015A00F6EE36 /* Project object */;
}
